<?xml version="1.0" encoding="utf-8"?>
<Project ToolsVersion="4.0" xmlns="http://schemas.microsoft.com/developer/msbuild/2003">
  <ItemGroup>
    <ClCompile Include="Process.cpp" />
    <ClCompile Include="Processors\FCFS.cpp" />
    <ClCompile Include="main.cpp" />
    <ClCompile Include="Processors\RR.cpp" />
    <ClCompile Include="Processors\SJF.cpp" />
    <ClCompile Include="Scheduler.cpp" />
    <ClCompile Include="UI.cpp" />
    <ClCompile Include="Processors\Processor.cpp" />
    <ClCompile Include="ADT\LinkedList.cpp" />
  </ItemGroup>
  <ItemGroup>
    <ClInclude Include="ADT\Array_Stack\Stack.h" />
    <ClInclude Include="ADT\Array_Stack\StackADT.h" />
    <ClInclude Include="ADT\LinkedList.h" />
    <ClInclude Include="ADT\Linked_Queue\QueueNode.h" />
    <ClInclude Include="ADT\Linked_Queue\Queue.h" />
    <ClInclude Include="ADT\Map.h" />
    <ClInclude Include="ADT\Pair.h" />
    <ClInclude Include="ADT\Linked_Queue\QueueADT.h" />
    <ClInclude Include="ADT\Node.h" />
    <ClInclude Include="Process.h" />
    <ClInclude Include="Processors\FCFS.h" />
    <ClInclude Include="Processors\Processor.h" />
    <ClInclude Include="Processors\RR.h" />
    <ClInclude Include="Processors\SJF.h" />
    <ClInclude Include="Scheduler.h" />
    <ClInclude Include="UI.h" />
    <ClInclude Include="ADT\MinHeap.h" />
    <ClInclude Include="ADT\PriorityQueue.h" />
  </ItemGroup>
  <ItemGroup>
    <None Include="Processors\testfile" />
  </ItemGroup>
</Project>